
Microsoft Visual Studio Solution File, Format Version 12.00
# Visual Studio 15
Project("{FAE04EC0-301F-11D3-BF4B-00C04F79EFBC}") = "MusicPlaylistAnalyzer", "MusicPlaylistAnalyzer\MusicPlaylistAnalyzer.csproj", "{71132C1A-7ACB-4C1A-A8F6-734646D04883}"
EndProject
Global
	GlobalSection(SolutionConfigurationPlatforms) = preSolution
		Debug|Any CPU = Debug|Any CPU
		Release|Any CPU = Release|Any CPU
	EndGlobalSection
	GlobalSection(ProjectConfigurationPlatforms) = postSolution
		{71132C1A-7ACB-4C1A-A8F6-734646D04883}.Debug|Any CPU.ActiveCfg = Debug|Any CPU
		{71132C1A-7ACB-4C1A-A8F6-734646D04883}.Debug|Any CPU.Build.0 = Debug|Any CPU
		{71132C1A-7ACB-4C1A-A8F6-734646D04883}.Release|Any CPU.ActiveCfg = Release|Any CPU
		{71132C1A-7ACB-4C1A-A8F6-734646D04883}.Release|Any CPU.Build.0 = Release|Any CPU
	EndGlobalSection
EndGlobal
